<?xml version="1.0" encoding="utf-8"?>
<Project ToolsVersion="4.0" xmlns="http://schemas.microsoft.com/developer/msbuild/2003">
  <ItemGroup>
    <Filter Include="Source Files">
      <UniqueIdentifier>{4FC737F1-C7A5-4376-A066-2A32D752A2FF}</UniqueIdentifier>
      <Extensions>cpp;c;cc;cxx;c++;def;odl;idl;hpj;bat;asm;asmx</Extensions>
    </Filter>
    <Filter Include="Header Files">
      <UniqueIdentifier>{93995380-89BD-4b04-88EB-625FBE52EBFB}</UniqueIdentifier>
      <Extensions>h;hh;hpp;hxx;h++;hm;inl;inc;ipp;xsd</Extensions>
    </Filter>
    <Filter Include="Resource Files">
      <UniqueIdentifier>{67DA6AB6-F800-4c08-8B7A-83BB121AAD01}</UniqueIdentifier>
      <Extensions>rc;ico;cur;bmp;dlg;rc2;rct;bin;rgs;gif;jpg;jpeg;jpe;resx;tiff;tif;png;wav;mfcribbon-ms</Extensions>
    </Filter>
    <Filter Include="Source Files\CGAME">
      <UniqueIdentifier>{dfac7df2-3c0f-4291-8fa0-b60bfed52b22}</UniqueIdentifier>
    </Filter>
    <Filter Include="Source Files\CVEHICLE">
      <UniqueIdentifier>{66517793-97fa-4e25-8613-681ce4a649a1}</UniqueIdentifier>
    </Filter>
    <Filter Include="Source Files\CPEOPLE">
      <UniqueIdentifier>{65b28b5d-10fa-4d4b-a78c-df88717d25c7}</UniqueIdentifier>
    </Filter>
    <Filter Include="Source Files\CONSOLE">
      <UniqueIdentifier>{e8f67549-243f-43ab-acfd-5fc71cfbd4e0}</UniqueIdentifier>
    </Filter>
  </ItemGroup>
  <ItemGroup>
    <ClCompile Include="main.cpp">
      <Filter>Source Files</Filter>
    </ClCompile>
    <ClCompile Include="CGAME.cpp">
      <Filter>Source Files\CGAME</Filter>
    </ClCompile>
    <ClCompile Include="CVEHICLE.cpp">
      <Filter>Source Files\CVEHICLE</Filter>
    </ClCompile>
    <ClCompile Include="CPEOPLE.cpp">
      <Filter>Source Files\CPEOPLE</Filter>
    </ClCompile>
    <ClCompile Include="Console.cpp">
      <Filter>Source Files\CONSOLE</Filter>
    </ClCompile>
  </ItemGroup>
  <ItemGroup>
    <ClInclude Include="CGame.h">
      <Filter>Source Files\CGAME</Filter>
    </ClInclude>
    <ClInclude Include="CVEHICLE.h">
      <Filter>Source Files\CVEHICLE</Filter>
    </ClInclude>
    <ClInclude Include="CPEOPLE.h">
      <Filter>Source Files\CPEOPLE</Filter>
    </ClInclude>
    <ClInclude Include="Console.h">
      <Filter>Source Files\CONSOLE</Filter>
    </ClInclude>
  </ItemGroup>
  <ItemGroup>
    <Text Include="VEHICLE.txt">
      <Filter>Resource Files</Filter>
    </Text>
  </ItemGroup>
</Project>